
Microsoft Visual Studio Solution File, Format Version 12.00
# Visual Studio Version 17
VisualStudioVersion = 17.7.34221.43
MinimumVisualStudioVersion = 10.0.40219.1
Project("{FAE04EC0-301F-11D3-BF4B-00C04F79EFBC}") = "Aktie algoritm - windows forms app", "Aktie algoritm - windows forms app\Aktie algoritm - windows forms app.csproj", "{89D95874-6F94-4B89-9B0F-31E7B98444BE}"
EndProject
Project("{FAE04EC0-301F-11D3-BF4B-00C04F79EFBC}") = "Class library", "Class library\Class library.csproj", "{906E977D-495B-4516-8C09-D4C05036F64B}"
EndProject
Global
	GlobalSection(SolutionConfigurationPlatforms) = preSolution
		Debug|Any CPU = Debug|Any CPU
		Release|Any CPU = Release|Any CPU
	EndGlobalSection
	GlobalSection(ProjectConfigurationPlatforms) = postSolution
		{89D95874-6F94-4B89-9B0F-31E7B98444BE}.Debug|Any CPU.ActiveCfg = Debug|Any CPU
		{89D95874-6F94-4B89-9B0F-31E7B98444BE}.Debug|Any CPU.Build.0 = Debug|Any CPU
		{89D95874-6F94-4B89-9B0F-31E7B98444BE}.Release|Any CPU.ActiveCfg = Release|Any CPU
		{89D95874-6F94-4B89-9B0F-31E7B98444BE}.Release|Any CPU.Build.0 = Release|Any CPU
		{906E977D-495B-4516-8C09-D4C05036F64B}.Debug|Any CPU.ActiveCfg = Debug|Any CPU
		{906E977D-495B-4516-8C09-D4C05036F64B}.Debug|Any CPU.Build.0 = Debug|Any CPU
		{906E977D-495B-4516-8C09-D4C05036F64B}.Release|Any CPU.ActiveCfg = Release|Any CPU
		{906E977D-495B-4516-8C09-D4C05036F64B}.Release|Any CPU.Build.0 = Release|Any CPU
	EndGlobalSection
	GlobalSection(SolutionProperties) = preSolution
		HideSolutionNode = FALSE
	EndGlobalSection
	GlobalSection(ExtensibilityGlobals) = postSolution
		SolutionGuid = {50BF27E0-6BEC-4C43-AC5F-B3020D85C3E8}
	EndGlobalSection
EndGlobal
